
Microsoft Visual Studio Solution File, Format Version 12.00
# Visual Studio Version 17
VisualStudioVersion = 17.5.33516.290
MinimumVisualStudioVersion = 10.0.40219.1
Project("{2150E333-8FDC-42A3-9474-1A3956D46DE8}") = "notes", "notes", "{5CF093F3-9913-4516-B7CD-7E93204D8C4A}"
	ProjectSection(SolutionItems) = preProject
		not-1.txt = not-1.txt
		not-2.txt = not-2.txt
		not-3.txt = not-3.txt
	EndProjectSection
EndProject
Project("{2150E333-8FDC-42A3-9474-1A3956D46DE8}") = "Services", "Services", "{9EAC9348-1695-4F11-8879-CFD958E389CE}"
EndProject
Project("{2150E333-8FDC-42A3-9474-1A3956D46DE8}") = "Catalog", "Catalog", "{90C5DB9A-E2FB-4135-A466-F970EBC2772D}"
EndProject
Project("{9A19103F-16F7-4668-BE54-9A1E7A4F7556}") = "FreeCourse.Services.Catalog", "Services\Catalog\FreeCourse.Services.Catalog\FreeCourse.Services.Catalog.csproj", "{1ED0BF9A-1FD8-4D85-B293-1319E95C5F78}"
EndProject
Project("{2150E333-8FDC-42A3-9474-1A3956D46DE8}") = "Shared", "Shared", "{D9C42837-3D2C-4516-9AE9-CED993CB5A05}"
EndProject
Project("{9A19103F-16F7-4668-BE54-9A1E7A4F7556}") = "FreeCourse.Shared", "Shared\FreeCourse.Shared\FreeCourse.Shared.csproj", "{55065AA3-A008-4B57-B418-3CE5B2771A38}"
EndProject
Project("{2150E333-8FDC-42A3-9474-1A3956D46DE8}") = "IdentityServer", "IdentityServer", "{75C34D84-D7F2-4B2B-A5CB-A128C1BCF61E}"
EndProject
Project("{9A19103F-16F7-4668-BE54-9A1E7A4F7556}") = "FreeCourse.IdentityServer", "IdentityServer\FreeCourse.IdentityServer\FreeCourse.IdentityServer.csproj", "{11C4623E-E6CE-468F-849D-0D469F83AE8B}"
EndProject
Project("{2150E333-8FDC-42A3-9474-1A3956D46DE8}") = "PhotoStock", "PhotoStock", "{88D99628-6462-4F44-AEC2-18CAB870753E}"
EndProject
Project("{9A19103F-16F7-4668-BE54-9A1E7A4F7556}") = "FreeCourse.Services.PhotoStock", "Services\PhotoStock\FreeCourse.Services.PhotoStock\FreeCourse.Services.PhotoStock.csproj", "{4F8524E1-17F6-4C7E-97E5-C045D7761B30}"
EndProject
Project("{2150E333-8FDC-42A3-9474-1A3956D46DE8}") = "Basket", "Basket", "{D72890C5-B8BD-4098-9468-343D94E3764B}"
EndProject
Project("{9A19103F-16F7-4668-BE54-9A1E7A4F7556}") = "FreeCourse.Services.Basket", "Services\Basket\FreeCourse.Services.Basket\FreeCourse.Services.Basket.csproj", "{44CA300A-601B-4A14-B919-6414B8D7A466}"
EndProject
Project("{2150E333-8FDC-42A3-9474-1A3956D46DE8}") = "Discount", "Discount", "{FA383D70-9C0D-4EEE-A63A-110F0E940E96}"
EndProject
Project("{9A19103F-16F7-4668-BE54-9A1E7A4F7556}") = "FreeCourse.Services.Discount", "Services\Discount\FreeCourse.Services.Discount\FreeCourse.Services.Discount.csproj", "{0DDB7F25-4771-477A-ABB5-FDB85DE4A61F}"
EndProject
Project("{2150E333-8FDC-42A3-9474-1A3956D46DE8}") = "Order", "Order", "{BCD9C308-E15D-457F-BB41-396909D26B03}"
EndProject
Project("{9A19103F-16F7-4668-BE54-9A1E7A4F7556}") = "FreeCourse.Services.Order.API", "Services\Order\FreeCourse.Services.Order.API\FreeCourse.Services.Order.API.csproj", "{BDBF3D4F-8B2C-42BD-931B-B09934D0D58B}"
EndProject
Project("{9A19103F-16F7-4668-BE54-9A1E7A4F7556}") = "FreeCourse.Services.Order.Application", "Services\Order\FreeCourse.Services.Order.Application\FreeCourse.Services.Order.Application.csproj", "{18910766-0A74-40C7-A5C8-31E2D70D63D9}"
EndProject
Project("{9A19103F-16F7-4668-BE54-9A1E7A4F7556}") = "FreeCourse.Services.Order.Domain", "Services\Order\FreeCourse.Services.Order.Domain\FreeCourse.Services.Order.Domain.csproj", "{D305CFE6-492C-45BE-A7BC-6B1E6D16E59F}"
EndProject
Project("{9A19103F-16F7-4668-BE54-9A1E7A4F7556}") = "FreeCourse.Services.Order.Core", "Services\Order\FreeCourse.Services.Order.Core\FreeCourse.Services.Order.Core.csproj", "{429CC7CA-D153-4A56-B6C3-B2881EDA727C}"
EndProject
Project("{9A19103F-16F7-4668-BE54-9A1E7A4F7556}") = "FreeCourse.Services.Order.Infrastructure", "Services\Order\FreeCourse.Services.Order.Infrastructure\FreeCourse.Services.Order.Infrastructure.csproj", "{499D73A9-C2B2-4ACA-8A8A-312ED9094684}"
EndProject
Project("{2150E333-8FDC-42A3-9474-1A3956D46DE8}") = "Payment", "Payment", "{E145C7EF-98FE-4A6D-983E-39D8DE9FAF50}"
EndProject
Project("{FAE04EC0-301F-11D3-BF4B-00C04F79EFBC}") = "FreeCourse.Services.Payment", "Services\Payment\FreeCourse.Services.Payment\FreeCourse.Services.Payment.csproj", "{3023FE72-F1A9-458B-8A7F-22812D908889}"
EndProject
Global
	GlobalSection(SolutionConfigurationPlatforms) = preSolution
		Debug|Any CPU = Debug|Any CPU
		Release|Any CPU = Release|Any CPU
	EndGlobalSection
	GlobalSection(ProjectConfigurationPlatforms) = postSolution
		{1ED0BF9A-1FD8-4D85-B293-1319E95C5F78}.Debug|Any CPU.ActiveCfg = Debug|Any CPU
		{1ED0BF9A-1FD8-4D85-B293-1319E95C5F78}.Debug|Any CPU.Build.0 = Debug|Any CPU
		{1ED0BF9A-1FD8-4D85-B293-1319E95C5F78}.Release|Any CPU.ActiveCfg = Release|Any CPU
		{1ED0BF9A-1FD8-4D85-B293-1319E95C5F78}.Release|Any CPU.Build.0 = Release|Any CPU
		{55065AA3-A008-4B57-B418-3CE5B2771A38}.Debug|Any CPU.ActiveCfg = Debug|Any CPU
		{55065AA3-A008-4B57-B418-3CE5B2771A38}.Debug|Any CPU.Build.0 = Debug|Any CPU
		{55065AA3-A008-4B57-B418-3CE5B2771A38}.Release|Any CPU.ActiveCfg = Release|Any CPU
		{55065AA3-A008-4B57-B418-3CE5B2771A38}.Release|Any CPU.Build.0 = Release|Any CPU
		{11C4623E-E6CE-468F-849D-0D469F83AE8B}.Debug|Any CPU.ActiveCfg = Debug|Any CPU
		{11C4623E-E6CE-468F-849D-0D469F83AE8B}.Debug|Any CPU.Build.0 = Debug|Any CPU
		{11C4623E-E6CE-468F-849D-0D469F83AE8B}.Release|Any CPU.ActiveCfg = Release|Any CPU
		{11C4623E-E6CE-468F-849D-0D469F83AE8B}.Release|Any CPU.Build.0 = Release|Any CPU
		{4F8524E1-17F6-4C7E-97E5-C045D7761B30}.Debug|Any CPU.ActiveCfg = Debug|Any CPU
		{4F8524E1-17F6-4C7E-97E5-C045D7761B30}.Debug|Any CPU.Build.0 = Debug|Any CPU
		{4F8524E1-17F6-4C7E-97E5-C045D7761B30}.Release|Any CPU.ActiveCfg = Release|Any CPU
		{4F8524E1-17F6-4C7E-97E5-C045D7761B30}.Release|Any CPU.Build.0 = Release|Any CPU
		{44CA300A-601B-4A14-B919-6414B8D7A466}.Debug|Any CPU.ActiveCfg = Debug|Any CPU
		{44CA300A-601B-4A14-B919-6414B8D7A466}.Debug|Any CPU.Build.0 = Debug|Any CPU
		{44CA300A-601B-4A14-B919-6414B8D7A466}.Release|Any CPU.ActiveCfg = Release|Any CPU
		{44CA300A-601B-4A14-B919-6414B8D7A466}.Release|Any CPU.Build.0 = Release|Any CPU
		{0DDB7F25-4771-477A-ABB5-FDB85DE4A61F}.Debug|Any CPU.ActiveCfg = Debug|Any CPU
		{0DDB7F25-4771-477A-ABB5-FDB85DE4A61F}.Debug|Any CPU.Build.0 = Debug|Any CPU
		{0DDB7F25-4771-477A-ABB5-FDB85DE4A61F}.Release|Any CPU.ActiveCfg = Release|Any CPU
		{0DDB7F25-4771-477A-ABB5-FDB85DE4A61F}.Release|Any CPU.Build.0 = Release|Any CPU
		{BDBF3D4F-8B2C-42BD-931B-B09934D0D58B}.Debug|Any CPU.ActiveCfg = Debug|Any CPU
		{BDBF3D4F-8B2C-42BD-931B-B09934D0D58B}.Debug|Any CPU.Build.0 = Debug|Any CPU
		{BDBF3D4F-8B2C-42BD-931B-B09934D0D58B}.Release|Any CPU.ActiveCfg = Release|Any CPU
		{BDBF3D4F-8B2C-42BD-931B-B09934D0D58B}.Release|Any CPU.Build.0 = Release|Any CPU
		{18910766-0A74-40C7-A5C8-31E2D70D63D9}.Debug|Any CPU.ActiveCfg = Debug|Any CPU
		{18910766-0A74-40C7-A5C8-31E2D70D63D9}.Debug|Any CPU.Build.0 = Debug|Any CPU
		{18910766-0A74-40C7-A5C8-31E2D70D63D9}.Release|Any CPU.ActiveCfg = Release|Any CPU
		{18910766-0A74-40C7-A5C8-31E2D70D63D9}.Release|Any CPU.Build.0 = Release|Any CPU
		{D305CFE6-492C-45BE-A7BC-6B1E6D16E59F}.Debug|Any CPU.ActiveCfg = Debug|Any CPU
		{D305CFE6-492C-45BE-A7BC-6B1E6D16E59F}.Debug|Any CPU.Build.0 = Debug|Any CPU
		{D305CFE6-492C-45BE-A7BC-6B1E6D16E59F}.Release|Any CPU.ActiveCfg = Release|Any CPU
		{D305CFE6-492C-45BE-A7BC-6B1E6D16E59F}.Release|Any CPU.Build.0 = Release|Any CPU
		{429CC7CA-D153-4A56-B6C3-B2881EDA727C}.Debug|Any CPU.ActiveCfg = Debug|Any CPU
		{429CC7CA-D153-4A56-B6C3-B2881EDA727C}.Debug|Any CPU.Build.0 = Debug|Any CPU
		{429CC7CA-D153-4A56-B6C3-B2881EDA727C}.Release|Any CPU.ActiveCfg = Release|Any CPU
		{429CC7CA-D153-4A56-B6C3-B2881EDA727C}.Release|Any CPU.Build.0 = Release|Any CPU
		{499D73A9-C2B2-4ACA-8A8A-312ED9094684}.Debug|Any CPU.ActiveCfg = Debug|Any CPU
		{499D73A9-C2B2-4ACA-8A8A-312ED9094684}.Debug|Any CPU.Build.0 = Debug|Any CPU
		{499D73A9-C2B2-4ACA-8A8A-312ED9094684}.Release|Any CPU.ActiveCfg = Release|Any CPU
		{499D73A9-C2B2-4ACA-8A8A-312ED9094684}.Release|Any CPU.Build.0 = Release|Any CPU
		{3023FE72-F1A9-458B-8A7F-22812D908889}.Debug|Any CPU.ActiveCfg = Debug|Any CPU
		{3023FE72-F1A9-458B-8A7F-22812D908889}.Debug|Any CPU.Build.0 = Debug|Any CPU
		{3023FE72-F1A9-458B-8A7F-22812D908889}.Release|Any CPU.ActiveCfg = Release|Any CPU
		{3023FE72-F1A9-458B-8A7F-22812D908889}.Release|Any CPU.Build.0 = Release|Any CPU
	EndGlobalSection
	GlobalSection(SolutionProperties) = preSolution
		HideSolutionNode = FALSE
	EndGlobalSection
	GlobalSection(NestedProjects) = preSolution
		{90C5DB9A-E2FB-4135-A466-F970EBC2772D} = {9EAC9348-1695-4F11-8879-CFD958E389CE}
		{1ED0BF9A-1FD8-4D85-B293-1319E95C5F78} = {90C5DB9A-E2FB-4135-A466-F970EBC2772D}
		{55065AA3-A008-4B57-B418-3CE5B2771A38} = {D9C42837-3D2C-4516-9AE9-CED993CB5A05}
		{11C4623E-E6CE-468F-849D-0D469F83AE8B} = {75C34D84-D7F2-4B2B-A5CB-A128C1BCF61E}
		{88D99628-6462-4F44-AEC2-18CAB870753E} = {9EAC9348-1695-4F11-8879-CFD958E389CE}
		{4F8524E1-17F6-4C7E-97E5-C045D7761B30} = {88D99628-6462-4F44-AEC2-18CAB870753E}
		{D72890C5-B8BD-4098-9468-343D94E3764B} = {9EAC9348-1695-4F11-8879-CFD958E389CE}
		{44CA300A-601B-4A14-B919-6414B8D7A466} = {D72890C5-B8BD-4098-9468-343D94E3764B}
		{FA383D70-9C0D-4EEE-A63A-110F0E940E96} = {9EAC9348-1695-4F11-8879-CFD958E389CE}
		{0DDB7F25-4771-477A-ABB5-FDB85DE4A61F} = {FA383D70-9C0D-4EEE-A63A-110F0E940E96}
		{BCD9C308-E15D-457F-BB41-396909D26B03} = {9EAC9348-1695-4F11-8879-CFD958E389CE}
		{BDBF3D4F-8B2C-42BD-931B-B09934D0D58B} = {BCD9C308-E15D-457F-BB41-396909D26B03}
		{18910766-0A74-40C7-A5C8-31E2D70D63D9} = {BCD9C308-E15D-457F-BB41-396909D26B03}
		{D305CFE6-492C-45BE-A7BC-6B1E6D16E59F} = {BCD9C308-E15D-457F-BB41-396909D26B03}
		{429CC7CA-D153-4A56-B6C3-B2881EDA727C} = {BCD9C308-E15D-457F-BB41-396909D26B03}
		{499D73A9-C2B2-4ACA-8A8A-312ED9094684} = {BCD9C308-E15D-457F-BB41-396909D26B03}
		{E145C7EF-98FE-4A6D-983E-39D8DE9FAF50} = {9EAC9348-1695-4F11-8879-CFD958E389CE}
		{3023FE72-F1A9-458B-8A7F-22812D908889} = {E145C7EF-98FE-4A6D-983E-39D8DE9FAF50}
	EndGlobalSection
	GlobalSection(ExtensibilityGlobals) = postSolution
		SolutionGuid = {26E6C6F4-F181-41DD-887F-69B9DA9322E9}
	EndGlobalSection
EndGlobal
